// !$*UTF8*$!
{
	archiveVersion = 1;
	classes = {
	};
	objectVersion = 56;
	objects = {

/* Begin PBXBuildFile section */
		5C077D062A0D41B10020E726 /* MustDoTodayViewModel.swift in Sources */ = {isa = PBXBuildFile; fileRef = 5C077D052A0D41B10020E726 /* MustDoTodayViewModel.swift */; };
		5C4AF2B72A0827AE0038DF69 /* HorizonCalendar in Frameworks */ = {isa = PBXBuildFile; productRef = 5C4AF2B62A0827AE0038DF69 /* HorizonCalendar */; };
		5C50F0E82A0789D200711196 /* LoginViewModel.swift in Sources */ = {isa = PBXBuildFile; fileRef = 5C50F0E72A0789D200711196 /* LoginViewModel.swift */; };
		5C50F0EA2A07989100711196 /* RegisterViewModel.swift in Sources */ = {isa = PBXBuildFile; fileRef = 5C50F0E92A07989100711196 /* RegisterViewModel.swift */; };
		5C50F0EC2A07A72E00711196 /* User.swift in Sources */ = {isa = PBXBuildFile; fileRef = 5C50F0EB2A07A72E00711196 /* User.swift */; };
		5C50F0F02A07AA7700711196 /* Extensions.swift in Sources */ = {isa = PBXBuildFile; fileRef = 5C50F0EF2A07AA7700711196 /* Extensions.swift */; };
		5C50F0F22A07AEB600711196 /* ContentViewModel.swift in Sources */ = {isa = PBXBuildFile; fileRef = 5C50F0F12A07AEB600711196 /* ContentViewModel.swift */; };
		5C50F0F42A07D89C00711196 /* MainView.swift in Sources */ = {isa = PBXBuildFile; fileRef = 5C50F0F32A07D89C00711196 /* MainView.swift */; };
		5C50F0F92A07EA3E00711196 /* ToDoViewModel.swift in Sources */ = {isa = PBXBuildFile; fileRef = 5C50F0F82A07EA3E00711196 /* ToDoViewModel.swift */; };
		5C884E002A050BCF0071BFE8 /* GoalReacherApp.swift in Sources */ = {isa = PBXBuildFile; fileRef = 5C884DFF2A050BCF0071BFE8 /* GoalReacherApp.swift */; };
		5C884E022A050BCF0071BFE8 /* ContentView.swift in Sources */ = {isa = PBXBuildFile; fileRef = 5C884E012A050BCF0071BFE8 /* ContentView.swift */; };
		5C884E042A050BD20071BFE8 /* Assets.xcassets in Resources */ = {isa = PBXBuildFile; fileRef = 5C884E032A050BD20071BFE8 /* Assets.xcassets */; };
		5C884E072A050BD20071BFE8 /* Preview Assets.xcassets in Resources */ = {isa = PBXBuildFile; fileRef = 5C884E062A050BD20071BFE8 /* Preview Assets.xcassets */; };
		5C884E092A050BD20071BFE8 /* Persistence.swift in Sources */ = {isa = PBXBuildFile; fileRef = 5C884E082A050BD20071BFE8 /* Persistence.swift */; };
		5C884E0C2A050BD20071BFE8 /* GoalReacher.xcdatamodeld in Sources */ = {isa = PBXBuildFile; fileRef = 5C884E0A2A050BD20071BFE8 /* GoalReacher.xcdatamodeld */; };
		5C884E132A050C630071BFE8 /* space.png in Resources */ = {isa = PBXBuildFile; fileRef = 5C884E122A050C630071BFE8 /* space.png */; };
		5C884E152A051EE90071BFE8 /* star.png in Resources */ = {isa = PBXBuildFile; fileRef = 5C884E142A051EE90071BFE8 /* star.png */; };
		5C884E182A05366E0071BFE8 /* MorningView.swift in Sources */ = {isa = PBXBuildFile; fileRef = 5C884E172A05366E0071BFE8 /* MorningView.swift */; };
		5C884E1A2A0536860071BFE8 /* EveningView.swift in Sources */ = {isa = PBXBuildFile; fileRef = 5C884E192A0536860071BFE8 /* EveningView.swift */; };
		5C884E1C2A0536AA0071BFE8 /* MustDoTodayView.swift in Sources */ = {isa = PBXBuildFile; fileRef = 5C884E1B2A0536AA0071BFE8 /* MustDoTodayView.swift */; };
		5C884E1E2A0588DC0071BFE8 /* AddNew.swift in Sources */ = {isa = PBXBuildFile; fileRef = 5C884E1D2A0588DC0071BFE8 /* AddNew.swift */; };
		5C884E212A058E500071BFE8 /* GoalReacherVM.swift in Sources */ = {isa = PBXBuildFile; fileRef = 5C884E202A058E500071BFE8 /* GoalReacherVM.swift */; };
		5CCF85902A0E3EB900CF11CB /* StatisticsViewModel.swift in Sources */ = {isa = PBXBuildFile; fileRef = 5CCF858F2A0E3EB900CF11CB /* StatisticsViewModel.swift */; };
		5CCF85922A0E3EDE00CF11CB /* StatisticsView.swift in Sources */ = {isa = PBXBuildFile; fileRef = 5CCF85912A0E3EDE00CF11CB /* StatisticsView.swift */; };
		5CE3BED82A06BAB00038E8B5 /* FirebaseAuth in Frameworks */ = {isa = PBXBuildFile; productRef = 5CE3BED72A06BAB00038E8B5 /* FirebaseAuth */; };
		5CE3BEDA2A06BAB00038E8B5 /* FirebaseFirestore in Frameworks */ = {isa = PBXBuildFile; productRef = 5CE3BED92A06BAB00038E8B5 /* FirebaseFirestore */; };
		5CE3BEDC2A06BAB00038E8B5 /* FirebaseFirestoreSwift in Frameworks */ = {isa = PBXBuildFile; productRef = 5CE3BEDB2A06BAB00038E8B5 /* FirebaseFirestoreSwift */; };
		5CE3BEDE2A06C5D80038E8B5 /* GoogleService-Info.plist in Resources */ = {isa = PBXBuildFile; fileRef = 5CE3BEDD2A06C5D80038E8B5 /* GoogleService-Info.plist */; };
		5CE3BEE12A06CAD80038E8B5 /* ToDoItem.swift in Sources */ = {isa = PBXBuildFile; fileRef = 5CE3BEE02A06CAD80038E8B5 /* ToDoItem.swift */; };
		5CE3BEE32A06CB340038E8B5 /* AddNewViewModel.swift in Sources */ = {isa = PBXBuildFile; fileRef = 5CE3BEE22A06CB340038E8B5 /* AddNewViewModel.swift */; };
		5CE3BEE52A06CB4F0038E8B5 /* MorningViewModel.swift in Sources */ = {isa = PBXBuildFile; fileRef = 5CE3BEE42A06CB4F0038E8B5 /* MorningViewModel.swift */; };
		5CE3BEE72A06CB6F0038E8B5 /* EveningViewModel.swift in Sources */ = {isa = PBXBuildFile; fileRef = 5CE3BEE62A06CB6F0038E8B5 /* EveningViewModel.swift */; };
		5CE3BEEB2A06CD0D0038E8B5 /* LoginView.swift in Sources */ = {isa = PBXBuildFile; fileRef = 5CE3BEEA2A06CD0D0038E8B5 /* LoginView.swift */; };
		5CE3BEED2A06CDF20038E8B5 /* ProfileView.swift in Sources */ = {isa = PBXBuildFile; fileRef = 5CE3BEEC2A06CDF20038E8B5 /* ProfileView.swift */; };
		5CE3BEEF2A06CE0F0038E8B5 /* ProfileViewModel.swift in Sources */ = {isa = PBXBuildFile; fileRef = 5CE3BEEE2A06CE0F0038E8B5 /* ProfileViewModel.swift */; };
		5CE3BEF12A06D2F60038E8B5 /* HeaderView.swift in Sources */ = {isa = PBXBuildFile; fileRef = 5CE3BEF02A06D2F60038E8B5 /* HeaderView.swift */; };
		5CE3BEF32A06DB8B0038E8B5 /* RegisterView.swift in Sources */ = {isa = PBXBuildFile; fileRef = 5CE3BEF22A06DB8B0038E8B5 /* RegisterView.swift */; };
		5CE3BEF72A06E61C0038E8B5 /* GRButton.swift in Sources */ = {isa = PBXBuildFile; fileRef = 5CE3BEF62A06E61C0038E8B5 /* GRButton.swift */; };
/* End PBXBuildFile section */

/* Begin PBXFileReference section */
		5C077D052A0D41B10020E726 /* MustDoTodayViewModel.swift */ = {isa = PBXFileReference; lastKnownFileType = sourcecode.swift; path = MustDoTodayViewModel.swift; sourceTree = "<group>"; };
		5C50F0E72A0789D200711196 /* LoginViewModel.swift */ = {isa = PBXFileReference; lastKnownFileType = sourcecode.swift; path = LoginViewModel.swift; sourceTree = "<group>"; };
		5C50F0E92A07989100711196 /* RegisterViewModel.swift */ = {isa = PBXFileReference; lastKnownFileType = sourcecode.swift; path = RegisterViewModel.swift; sourceTree = "<group>"; };
		5C50F0EB2A07A72E00711196 /* User.swift */ = {isa = PBXFileReference; lastKnownFileType = sourcecode.swift; path = User.swift; sourceTree = "<group>"; };
		5C50F0EF2A07AA7700711196 /* Extensions.swift */ = {isa = PBXFileReference; lastKnownFileType = sourcecode.swift; path = Extensions.swift; sourceTree = "<group>"; };
		5C50F0F12A07AEB600711196 /* ContentViewModel.swift */ = {isa = PBXFileReference; lastKnownFileType = sourcecode.swift; path = ContentViewModel.swift; sourceTree = "<group>"; };
		5C50F0F32A07D89C00711196 /* MainView.swift */ = {isa = PBXFileReference; lastKnownFileType = sourcecode.swift; path = MainView.swift; sourceTree = "<group>"; };
		5C50F0F82A07EA3E00711196 /* ToDoViewModel.swift */ = {isa = PBXFileReference; lastKnownFileType = sourcecode.swift; path = ToDoViewModel.swift; sourceTree = "<group>"; };
		5C884DFC2A050BCF0071BFE8 /* GoalReacher.app */ = {isa = PBXFileReference; explicitFileType = wrapper.application; includeInIndex = 0; path = GoalReacher.app; sourceTree = BUILT_PRODUCTS_DIR; };
		5C884DFF2A050BCF0071BFE8 /* GoalReacherApp.swift */ = {isa = PBXFileReference; lastKnownFileType = sourcecode.swift; path = GoalReacherApp.swift; sourceTree = "<group>"; };
		5C884E012A050BCF0071BFE8 /* ContentView.swift */ = {isa = PBXFileReference; lastKnownFileType = sourcecode.swift; path = ContentView.swift; sourceTree = "<group>"; };
		5C884E032A050BD20071BFE8 /* Assets.xcassets */ = {isa = PBXFileReference; lastKnownFileType = folder.assetcatalog; path = Assets.xcassets; sourceTree = "<group>"; };
		5C884E062A050BD20071BFE8 /* Preview Assets.xcassets */ = {isa = PBXFileReference; lastKnownFileType = folder.assetcatalog; path = "Preview Assets.xcassets"; sourceTree = "<group>"; };
		5C884E082A050BD20071BFE8 /* Persistence.swift */ = {isa = PBXFileReference; lastKnownFileType = sourcecode.swift; path = Persistence.swift; sourceTree = "<group>"; };
		5C884E0B2A050BD20071BFE8 /* GoalReacher.xcdatamodel */ = {isa = PBXFileReference; lastKnownFileType = wrapper.xcdatamodel; path = GoalReacher.xcdatamodel; sourceTree = "<group>"; };
		5C884E122A050C630071BFE8 /* space.png */ = {isa = PBXFileReference; lastKnownFileType = image.png; name = space.png; path = Assets.xcassets/space.png; sourceTree = "<group>"; };
		5C884E142A051EE90071BFE8 /* star.png */ = {isa = PBXFileReference; lastKnownFileType = image.png; name = star.png; path = Assets.xcassets/star.png; sourceTree = "<group>"; };
		5C884E172A05366E0071BFE8 /* MorningView.swift */ = {isa = PBXFileReference; lastKnownFileType = sourcecode.swift; path = MorningView.swift; sourceTree = "<group>"; };
		5C884E192A0536860071BFE8 /* EveningView.swift */ = {isa = PBXFileReference; lastKnownFileType = sourcecode.swift; path = EveningView.swift; sourceTree = "<group>"; };
		5C884E1B2A0536AA0071BFE8 /* MustDoTodayView.swift */ = {isa = PBXFileReference; lastKnownFileType = sourcecode.swift; path = MustDoTodayView.swift; sourceTree = "<group>"; };
		5C884E1D2A0588DC0071BFE8 /* AddNew.swift */ = {isa = PBXFileReference; lastKnownFileType = sourcecode.swift; path = AddNew.swift; sourceTree = "<group>"; };
		5C884E202A058E500071BFE8 /* GoalReacherVM.swift */ = {isa = PBXFileReference; lastKnownFileType = sourcecode.swift; path = GoalReacherVM.swift; sourceTree = "<group>"; };
		5CCF858F2A0E3EB900CF11CB /* StatisticsViewModel.swift */ = {isa = PBXFileReference; lastKnownFileType = sourcecode.swift; path = StatisticsViewModel.swift; sourceTree = "<group>"; };
		5CCF85912A0E3EDE00CF11CB /* StatisticsView.swift */ = {isa = PBXFileReference; lastKnownFileType = sourcecode.swift; path = StatisticsView.swift; sourceTree = "<group>"; };
		5CE3BEDD2A06C5D80038E8B5 /* GoogleService-Info.plist */ = {isa = PBXFileReference; fileEncoding = 4; lastKnownFileType = text.plist.xml; name = "GoogleService-Info.plist"; path = "../../../../../Library/Mobile Documents/com~apple~CloudDocs/.Trash/GoalReacher/GoalReacher/GoogleService-Info.plist"; sourceTree = "<group>"; };
		5CE3BEE02A06CAD80038E8B5 /* ToDoItem.swift */ = {isa = PBXFileReference; lastKnownFileType = sourcecode.swift; name = ToDoItem.swift; path = ../../../../../../ToDoItem.swift; sourceTree = "<group>"; };
		5CE3BEE22A06CB340038E8B5 /* AddNewViewModel.swift */ = {isa = PBXFileReference; lastKnownFileType = sourcecode.swift; name = AddNewViewModel.swift; path = ../../../../../../AddNewViewModel.swift; sourceTree = "<group>"; };
		5CE3BEE42A06CB4F0038E8B5 /* MorningViewModel.swift */ = {isa = PBXFileReference; lastKnownFileType = sourcecode.swift; name = MorningViewModel.swift; path = ../../../../../../MorningViewModel.swift; sourceTree = "<group>"; };
		5CE3BEE62A06CB6F0038E8B5 /* EveningViewModel.swift */ = {isa = PBXFileReference; lastKnownFileType = sourcecode.swift; name = EveningViewModel.swift; path = ../../../../../../EveningViewModel.swift; sourceTree = "<group>"; };
		5CE3BEEA2A06CD0D0038E8B5 /* LoginView.swift */ = {isa = PBXFileReference; lastKnownFileType = sourcecode.swift; name = LoginView.swift; path = "../../../../../../Library/Mobile Documents/com~apple~CloudDocs/.Trash/GoalReacher/GoalReacher/Views/LoginView.swift"; sourceTree = "<group>"; };
		5CE3BEEC2A06CDF20038E8B5 /* ProfileView.swift */ = {isa = PBXFileReference; lastKnownFileType = sourcecode.swift; path = ProfileView.swift; sourceTree = "<group>"; };
		5CE3BEEE2A06CE0F0038E8B5 /* ProfileViewModel.swift */ = {isa = PBXFileReference; lastKnownFileType = sourcecode.swift; path = ProfileViewModel.swift; sourceTree = "<group>"; };
		5CE3BEF02A06D2F60038E8B5 /* HeaderView.swift */ = {isa = PBXFileReference; lastKnownFileType = sourcecode.swift; path = HeaderView.swift; sourceTree = "<group>"; };
		5CE3BEF22A06DB8B0038E8B5 /* RegisterView.swift */ = {isa = PBXFileReference; lastKnownFileType = sourcecode.swift; path = RegisterView.swift; sourceTree = "<group>"; };
		5CE3BEF62A06E61C0038E8B5 /* GRButton.swift */ = {isa = PBXFileReference; lastKnownFileType = sourcecode.swift; path = GRButton.swift; sourceTree = "<group>"; };
/* End PBXFileReference section */

/* Begin PBXFrameworksBuildPhase section */
		5C884DF92A050BCF0071BFE8 /* Frameworks */ = {
			isa = PBXFrameworksBuildPhase;
			buildActionMask = 2147483647;
			files = (
				5CE3BED82A06BAB00038E8B5 /* FirebaseAuth in Frameworks */,
				5CE3BEDA2A06BAB00038E8B5 /* FirebaseFirestore in Frameworks */,
				5C4AF2B72A0827AE0038DF69 /* HorizonCalendar in Frameworks */,
				5CE3BEDC2A06BAB00038E8B5 /* FirebaseFirestoreSwift in Frameworks */,
			);
			runOnlyForDeploymentPostprocessing = 0;
		};
/* End PBXFrameworksBuildPhase section */

/* Begin PBXGroup section */
		5C50F0ED2A07AA2A00711196 /* Other */ = {
			isa = PBXGroup;
			children = (
				5C50F0EF2A07AA7700711196 /* Extensions.swift */,
			);
			path = Other;
			sourceTree = "<group>";
		};
		5C50F0F52A07DC1700711196 /* Components */ = {
			isa = PBXGroup;
			children = (
				5CE3BEF02A06D2F60038E8B5 /* HeaderView.swift */,
				5CE3BEF62A06E61C0038E8B5 /* GRButton.swift */,
			);
			path = Components;
			sourceTree = "<group>";
		};
		5C884DF32A050BCF0071BFE8 = {
			isa = PBXGroup;
			children = (
				5C884DFE2A050BCF0071BFE8 /* GoalReacher */,
				5C884DFD2A050BCF0071BFE8 /* Products */,
			);
			sourceTree = "<group>";
		};
		5C884DFD2A050BCF0071BFE8 /* Products */ = {
			isa = PBXGroup;
			children = (
				5C884DFC2A050BCF0071BFE8 /* GoalReacher.app */,
			);
			name = Products;
			sourceTree = "<group>";
		};
		5C884DFE2A050BCF0071BFE8 /* GoalReacher */ = {
			isa = PBXGroup;
			children = (
				5C50F0ED2A07AA2A00711196 /* Other */,
				5CE3BEDF2A06C9350038E8B5 /* Models */,
				5CE3BEDD2A06C5D80038E8B5 /* GoogleService-Info.plist */,
				5C884E1F2A058E260071BFE8 /* ViewModels */,
				5C884E162A0536400071BFE8 /* Views */,
				5C884DFF2A050BCF0071BFE8 /* GoalReacherApp.swift */,
				5C884E032A050BD20071BFE8 /* Assets.xcassets */,
				5C884E142A051EE90071BFE8 /* star.png */,
				5C884E122A050C630071BFE8 /* space.png */,
				5C884E082A050BD20071BFE8 /* Persistence.swift */,
				5C884E0A2A050BD20071BFE8 /* GoalReacher.xcdatamodeld */,
				5C884E052A050BD20071BFE8 /* Preview Content */,
			);
			path = GoalReacher;
			sourceTree = "<group>";
		};
		5C884E052A050BD20071BFE8 /* Preview Content */ = {
			isa = PBXGroup;
			children = (
				5C884E062A050BD20071BFE8 /* Preview Assets.xcassets */,
			);
			path = "Preview Content";
			sourceTree = "<group>";
		};
		5C884E162A0536400071BFE8 /* Views */ = {
			isa = PBXGroup;
			children = (
				5C50F0F52A07DC1700711196 /* Components */,
				5C884E012A050BCF0071BFE8 /* ContentView.swift */,
				5C884E172A05366E0071BFE8 /* MorningView.swift */,
				5C884E192A0536860071BFE8 /* EveningView.swift */,
				5C884E1B2A0536AA0071BFE8 /* MustDoTodayView.swift */,
				5C884E1D2A0588DC0071BFE8 /* AddNew.swift */,
				5CE3BEEA2A06CD0D0038E8B5 /* LoginView.swift */,
				5CE3BEEC2A06CDF20038E8B5 /* ProfileView.swift */,
				5CE3BEF22A06DB8B0038E8B5 /* RegisterView.swift */,
				5C50F0F32A07D89C00711196 /* MainView.swift */,
				5CCF85912A0E3EDE00CF11CB /* StatisticsView.swift */,
			);
			path = Views;
			sourceTree = "<group>";
		};
		5C884E1F2A058E260071BFE8 /* ViewModels */ = {
			isa = PBXGroup;
			children = (
				5C884E202A058E500071BFE8 /* GoalReacherVM.swift */,
				5CE3BEE22A06CB340038E8B5 /* AddNewViewModel.swift */,
				5CE3BEE42A06CB4F0038E8B5 /* MorningViewModel.swift */,
				5CE3BEE62A06CB6F0038E8B5 /* EveningViewModel.swift */,
				5CE3BEEE2A06CE0F0038E8B5 /* ProfileViewModel.swift */,
				5C50F0E72A0789D200711196 /* LoginViewModel.swift */,
				5C50F0E92A07989100711196 /* RegisterViewModel.swift */,
				5C50F0F12A07AEB600711196 /* ContentViewModel.swift */,
				5C50F0F82A07EA3E00711196 /* ToDoViewModel.swift */,
				5C077D052A0D41B10020E726 /* MustDoTodayViewModel.swift */,
				5CCF858F2A0E3EB900CF11CB /* StatisticsViewModel.swift */,
			);
			path = ViewModels;
			sourceTree = "<group>";
		};
		5CE3BEDF2A06C9350038E8B5 /* Models */ = {
			isa = PBXGroup;
			children = (
				5CE3BEE02A06CAD80038E8B5 /* ToDoItem.swift */,
				5C50F0EB2A07A72E00711196 /* User.swift */,
			);
			path = Models;
			sourceTree = "<group>";
		};
/* End PBXGroup section */

/* Begin PBXNativeTarget section */
		5C884DFB2A050BCF0071BFE8 /* GoalReacher */ = {
			isa = PBXNativeTarget;
			buildConfigurationList = 5C884E0F2A050BD20071BFE8 /* Build configuration list for PBXNativeTarget "GoalReacher" */;
			buildPhases = (
				5C884DF82A050BCF0071BFE8 /* Sources */,
				5C884DF92A050BCF0071BFE8 /* Frameworks */,
				5C884DFA2A050BCF0071BFE8 /* Resources */,
			);
			buildRules = (
			);
			dependencies = (
			);
			name = GoalReacher;
			packageProductDependencies = (
				5CE3BED72A06BAB00038E8B5 /* FirebaseAuth */,
				5CE3BED92A06BAB00038E8B5 /* FirebaseFirestore */,
				5CE3BEDB2A06BAB00038E8B5 /* FirebaseFirestoreSwift */,
				5C4AF2B62A0827AE0038DF69 /* HorizonCalendar */,
			);
			productName = GoalReacher;
			productReference = 5C884DFC2A050BCF0071BFE8 /* GoalReacher.app */;
			productType = "com.apple.product-type.application";
		};
/* End PBXNativeTarget section */

/* Begin PBXProject section */
		5C884DF42A050BCF0071BFE8 /* Project object */ = {
			isa = PBXProject;
			attributes = {
				BuildIndependentTargetsInParallel = 1;
				LastSwiftUpdateCheck = 1430;
				LastUpgradeCheck = 1430;
				TargetAttributes = {
					5C884DFB2A050BCF0071BFE8 = {
						CreatedOnToolsVersion = 14.3;
					};
				};
			};
			buildConfigurationList = 5C884DF72A050BCF0071BFE8 /* Build configuration list for PBXProject "GoalReacher" */;
			compatibilityVersion = "Xcode 14.0";
			developmentRegion = en;
			hasScannedForEncodings = 0;
			knownRegions = (
				en,
				Base,
			);
			mainGroup = 5C884DF32A050BCF0071BFE8;
			packageReferences = (
				5CE3BED62A06BAB00038E8B5 /* XCRemoteSwiftPackageReference "firebase-ios-sdk" */,
				5C4AF2B52A0827AE0038DF69 /* XCRemoteSwiftPackageReference "HorizonCalendar" */,
			);
			productRefGroup = 5C884DFD2A050BCF0071BFE8 /* Products */;
			projectDirPath = "";
			projectRoot = "";
			targets = (
				5C884DFB2A050BCF0071BFE8 /* GoalReacher */,
			);
		};
/* End PBXProject section */

/* Begin PBXResourcesBuildPhase section */
		5C884DFA2A050BCF0071BFE8 /* Resources */ = {
			isa = PBXResourcesBuildPhase;
			buildActionMask = 2147483647;
			files = (
				5C884E072A050BD20071BFE8 /* Preview Assets.xcassets in Resources */,
				5C884E152A051EE90071BFE8 /* star.png in Resources */,
				5CE3BEDE2A06C5D80038E8B5 /* GoogleService-Info.plist in Resources */,
				5C884E132A050C630071BFE8 /* space.png in Resources */,
				5C884E042A050BD20071BFE8 /* Assets.xcassets in Resources */,
			);
			runOnlyForDeploymentPostprocessing = 0;
		};
/* End PBXResourcesBuildPhase section */

/* Begin PBXSourcesBuildPhase section */
		5C884DF82A050BCF0071BFE8 /* Sources */ = {
			isa = PBXSourcesBuildPhase;
			buildActionMask = 2147483647;
			files = (
				5C50F0F42A07D89C00711196 /* MainView.swift in Sources */,
				5CE3BEF12A06D2F60038E8B5 /* HeaderView.swift in Sources */,
				5C50F0E82A0789D200711196 /* LoginViewModel.swift in Sources */,
				5CCF85902A0E3EB900CF11CB /* StatisticsViewModel.swift in Sources */,
				5C884E212A058E500071BFE8 /* GoalReacherVM.swift in Sources */,
				5C884E092A050BD20071BFE8 /* Persistence.swift in Sources */,
				5CCF85922A0E3EDE00CF11CB /* StatisticsView.swift in Sources */,
				5CE3BEEB2A06CD0D0038E8B5 /* LoginView.swift in Sources */,
				5CE3BEE12A06CAD80038E8B5 /* ToDoItem.swift in Sources */,
				5CE3BEF72A06E61C0038E8B5 /* GRButton.swift in Sources */,
				5C884E182A05366E0071BFE8 /* MorningView.swift in Sources */,
				5C50F0F22A07AEB600711196 /* ContentViewModel.swift in Sources */,
				5C884E1E2A0588DC0071BFE8 /* AddNew.swift in Sources */,
				5CE3BEF32A06DB8B0038E8B5 /* RegisterView.swift in Sources */,
				5CE3BEE32A06CB340038E8B5 /* AddNewViewModel.swift in Sources */,
				5C077D062A0D41B10020E726 /* MustDoTodayViewModel.swift in Sources */,
				5CE3BEED2A06CDF20038E8B5 /* ProfileView.swift in Sources */,
				5C884E1A2A0536860071BFE8 /* EveningView.swift in Sources */,
				5CE3BEE52A06CB4F0038E8B5 /* MorningViewModel.swift in Sources */,
				5C50F0EA2A07989100711196 /* RegisterViewModel.swift in Sources */,
				5CE3BEE72A06CB6F0038E8B5 /* EveningViewModel.swift in Sources */,
				5C50F0F92A07EA3E00711196 /* ToDoViewModel.swift in Sources */,
				5C884E1C2A0536AA0071BFE8 /* MustDoTodayView.swift in Sources */,
				5CE3BEEF2A06CE0F0038E8B5 /* ProfileViewModel.swift in Sources */,
				5C50F0F02A07AA7700711196 /* Extensions.swift in Sources */,
				5C884E0C2A050BD20071BFE8 /* GoalReacher.xcdatamodeld in Sources */,
				5C884E022A050BCF0071BFE8 /* ContentView.swift in Sources */,
				5C884E002A050BCF0071BFE8 /* GoalReacherApp.swift in Sources */,
				5C50F0EC2A07A72E00711196 /* User.swift in Sources */,
			);
			runOnlyForDeploymentPostprocessing = 0;
		};
/* End PBXSourcesBuildPhase section */

/* Begin XCBuildConfiguration section */
		5C884E0D2A050BD20071BFE8 /* Debug */ = {
			isa = XCBuildConfiguration;
			buildSettings = {
				ALWAYS_SEARCH_USER_PATHS = NO;
				CLANG_ANALYZER_NONNULL = YES;
				CLANG_ANALYZER_NUMBER_OBJECT_CONVERSION = YES_AGGRESSIVE;
				CLANG_CXX_LANGUAGE_STANDARD = "gnu++20";
				CLANG_ENABLE_MODULES = YES;
				CLANG_ENABLE_OBJC_ARC = YES;
				CLANG_ENABLE_OBJC_WEAK = YES;
				CLANG_WARN_BLOCK_CAPTURE_AUTORELEASING = YES;
				CLANG_WARN_BOOL_CONVERSION = YES;
				CLANG_WARN_COMMA = YES;
				CLANG_WARN_CONSTANT_CONVERSION = YES;
				CLANG_WARN_DEPRECATED_OBJC_IMPLEMENTATIONS = YES;
				CLANG_WARN_DIRECT_OBJC_ISA_USAGE = YES_ERROR;
				CLANG_WARN_DOCUMENTATION_COMMENTS = YES;
				CLANG_WARN_EMPTY_BODY = YES;
				CLANG_WARN_ENUM_CONVERSION = YES;
				CLANG_WARN_INFINITE_RECURSION = YES;
				CLANG_WARN_INT_CONVERSION = YES;
				CLANG_WARN_NON_LITERAL_NULL_CONVERSION = YES;
				CLANG_WARN_OBJC_IMPLICIT_RETAIN_SELF = YES;
				CLANG_WARN_OBJC_LITERAL_CONVERSION = YES;
				CLANG_WARN_OBJC_ROOT_CLASS = YES_ERROR;
				CLANG_WARN_QUOTED_INCLUDE_IN_FRAMEWORK_HEADER = YES;
				CLANG_WARN_RANGE_LOOP_ANALYSIS = YES;
				CLANG_WARN_STRICT_PROTOTYPES = YES;
				CLANG_WARN_SUSPICIOUS_MOVE = YES;
				CLANG_WARN_UNGUARDED_AVAILABILITY = YES_AGGRESSIVE;
				CLANG_WARN_UNREACHABLE_CODE = YES;
				CLANG_WARN__DUPLICATE_METHOD_MATCH = YES;
				COPY_PHASE_STRIP = NO;
				DEBUG_INFORMATION_FORMAT = dwarf;
				ENABLE_STRICT_OBJC_MSGSEND = YES;
				ENABLE_TESTABILITY = YES;
				GCC_C_LANGUAGE_STANDARD = gnu11;
				GCC_DYNAMIC_NO_PIC = NO;
				GCC_NO_COMMON_BLOCKS = YES;
				GCC_OPTIMIZATION_LEVEL = 0;
				GCC_PREPROCESSOR_DEFINITIONS = (
					"DEBUG=1",
					"$(inherited)",
				);
				GCC_WARN_64_TO_32_BIT_CONVERSION = YES;
				GCC_WARN_ABOUT_RETURN_TYPE = YES_ERROR;
				GCC_WARN_UNDECLARED_SELECTOR = YES;
				GCC_WARN_UNINITIALIZED_AUTOS = YES_AGGRESSIVE;
				GCC_WARN_UNUSED_FUNCTION = YES;
				GCC_WARN_UNUSED_VARIABLE = YES;
				IPHONEOS_DEPLOYMENT_TARGET = 16.4;
				MTL_ENABLE_DEBUG_INFO = INCLUDE_SOURCE;
				MTL_FAST_MATH = YES;
				ONLY_ACTIVE_ARCH = YES;
				SDKROOT = iphoneos;
				SWIFT_ACTIVE_COMPILATION_CONDITIONS = DEBUG;
				SWIFT_OPTIMIZATION_LEVEL = "-Onone";
			};
			name = Debug;
		};
		5C884E0E2A050BD20071BFE8 /* Release */ = {
			isa = XCBuildConfiguration;
			buildSettings = {
				ALWAYS_SEARCH_USER_PATHS = NO;
				CLANG_ANALYZER_NONNULL = YES;
				CLANG_ANALYZER_NUMBER_OBJECT_CONVERSION = YES_AGGRESSIVE;
				CLANG_CXX_LANGUAGE_STANDARD = "gnu++20";
				CLANG_ENABLE_MODULES = YES;
				CLANG_ENABLE_OBJC_ARC = YES;
				CLANG_ENABLE_OBJC_WEAK = YES;
				CLANG_WARN_BLOCK_CAPTURE_AUTORELEASING = YES;
				CLANG_WARN_BOOL_CONVERSION = YES;
				CLANG_WARN_COMMA = YES;
				CLANG_WARN_CONSTANT_CONVERSION = YES;
				CLANG_WARN_DEPRECATED_OBJC_IMPLEMENTATIONS = YES;
				CLANG_WARN_DIRECT_OBJC_ISA_USAGE = YES_ERROR;
				CLANG_WARN_DOCUMENTATION_COMMENTS = YES;
				CLANG_WARN_EMPTY_BODY = YES;
				CLANG_WARN_ENUM_CONVERSION = YES;
				CLANG_WARN_INFINITE_RECURSION = YES;
				CLANG_WARN_INT_CONVERSION = YES;
				CLANG_WARN_NON_LITERAL_NULL_CONVERSION = YES;
				CLANG_WARN_OBJC_IMPLICIT_RETAIN_SELF = YES;
				CLANG_WARN_OBJC_LITERAL_CONVERSION = YES;
				CLANG_WARN_OBJC_ROOT_CLASS = YES_ERROR;
				CLANG_WARN_QUOTED_INCLUDE_IN_FRAMEWORK_HEADER = YES;
				CLANG_WARN_RANGE_LOOP_ANALYSIS = YES;
				CLANG_WARN_STRICT_PROTOTYPES = YES;
				CLANG_WARN_SUSPICIOUS_MOVE = YES;
				CLANG_WARN_UNGUARDED_AVAILABILITY = YES_AGGRESSIVE;
				CLANG_WARN_UNREACHABLE_CODE = YES;
				CLANG_WARN__DUPLICATE_METHOD_MATCH = YES;
				COPY_PHASE_STRIP = NO;
				DEBUG_INFORMATION_FORMAT = "dwarf-with-dsym";
				ENABLE_NS_ASSERTIONS = NO;
				ENABLE_STRICT_OBJC_MSGSEND = YES;
				GCC_C_LANGUAGE_STANDARD = gnu11;
				GCC_NO_COMMON_BLOCKS = YES;
				GCC_WARN_64_TO_32_BIT_CONVERSION = YES;
				GCC_WARN_ABOUT_RETURN_TYPE = YES_ERROR;
				GCC_WARN_UNDECLARED_SELECTOR = YES;
				GCC_WARN_UNINITIALIZED_AUTOS = YES_AGGRESSIVE;
				GCC_WARN_UNUSED_FUNCTION = YES;
				GCC_WARN_UNUSED_VARIABLE = YES;
				IPHONEOS_DEPLOYMENT_TARGET = 16.4;
				MTL_ENABLE_DEBUG_INFO = NO;
				MTL_FAST_MATH = YES;
				SDKROOT = iphoneos;
				SWIFT_COMPILATION_MODE = wholemodule;
				SWIFT_OPTIMIZATION_LEVEL = "-O";
				VALIDATE_PRODUCT = YES;
			};
			name = Release;
		};
		5C884E102A050BD20071BFE8 /* Debug */ = {
			isa = XCBuildConfiguration;
			buildSettings = {
				ASSETCATALOG_COMPILER_APPICON_NAME = AppIcon;
				ASSETCATALOG_COMPILER_GLOBAL_ACCENT_COLOR_NAME = AccentColor;
				CODE_SIGN_STYLE = Automatic;
				CURRENT_PROJECT_VERSION = 1;
				DEVELOPMENT_ASSET_PATHS = "\"GoalReacher/Preview Content\"";
				ENABLE_PREVIEWS = YES;
				GENERATE_INFOPLIST_FILE = YES;
				INFOPLIST_KEY_CFBundleDisplayName = GoalReacher;
				INFOPLIST_KEY_UIApplicationSceneManifest_Generation = YES;
				INFOPLIST_KEY_UIApplicationSupportsIndirectInputEvents = YES;
				INFOPLIST_KEY_UILaunchScreen_Generation = YES;
				INFOPLIST_KEY_UISupportedInterfaceOrientations = UIInterfaceOrientationPortrait;
				LD_RUNPATH_SEARCH_PATHS = (
					"$(inherited)",
					"@executable_path/Frameworks",
				);
				MARKETING_VERSION = 1.0;
				PRODUCT_BUNDLE_IDENTIFIER = team.GoalReacher;
				PRODUCT_NAME = "$(TARGET_NAME)";
				SWIFT_EMIT_LOC_STRINGS = YES;
				SWIFT_VERSION = 5.0;
				TARGETED_DEVICE_FAMILY = "1,2";
			};
			name = Debug;
		};
		5C884E112A050BD20071BFE8 /* Release */ = {
			isa = XCBuildConfiguration;
			buildSettings = {
				ASSETCATALOG_COMPILER_APPICON_NAME = AppIcon;
				ASSETCATALOG_COMPILER_GLOBAL_ACCENT_COLOR_NAME = AccentColor;
				CODE_SIGN_STYLE = Automatic;
				CURRENT_PROJECT_VERSION = 1;
				DEVELOPMENT_ASSET_PATHS = "\"GoalReacher/Preview Content\"";
				ENABLE_PREVIEWS = YES;
				GENERATE_INFOPLIST_FILE = YES;
				INFOPLIST_KEY_CFBundleDisplayName = GoalReacher;
				INFOPLIST_KEY_UIApplicationSceneManifest_Generation = YES;
				INFOPLIST_KEY_UIApplicationSupportsIndirectInputEvents = YES;
				INFOPLIST_KEY_UILaunchScreen_Generation = YES;
				INFOPLIST_KEY_UISupportedInterfaceOrientations = UIInterfaceOrientationPortrait;
				LD_RUNPATH_SEARCH_PATHS = (
					"$(inherited)",
					"@executable_path/Frameworks",
				);
				MARKETING_VERSION = 1.0;
				PRODUCT_BUNDLE_IDENTIFIER = team.GoalReacher;
				PRODUCT_NAME = "$(TARGET_NAME)";
				SWIFT_EMIT_LOC_STRINGS = YES;
				SWIFT_VERSION = 5.0;
				TARGETED_DEVICE_FAMILY = "1,2";
			};
			name = Release;
		};
/* End XCBuildConfiguration section */

/* Begin XCConfigurationList section */
		5C884DF72A050BCF0071BFE8 /* Build configuration list for PBXProject "GoalReacher" */ = {
			isa = XCConfigurationList;
			buildConfigurations = (
				5C884E0D2A050BD20071BFE8 /* Debug */,
				5C884E0E2A050BD20071BFE8 /* Release */,
			);
			defaultConfigurationIsVisible = 0;
			defaultConfigurationName = Release;
		};
		5C884E0F2A050BD20071BFE8 /* Build configuration list for PBXNativeTarget "GoalReacher" */ = {
			isa = XCConfigurationList;
			buildConfigurations = (
				5C884E102A050BD20071BFE8 /* Debug */,
				5C884E112A050BD20071BFE8 /* Release */,
			);
			defaultConfigurationIsVisible = 0;
			defaultConfigurationName = Release;
		};
/* End XCConfigurationList section */

/* Begin XCRemoteSwiftPackageReference section */
		5C4AF2B52A0827AE0038DF69 /* XCRemoteSwiftPackageReference "HorizonCalendar" */ = {
			isa = XCRemoteSwiftPackageReference;
			repositoryURL = "https://github.com/airbnb/HorizonCalendar.git";
			requirement = {
				branch = master;
				kind = branch;
			};
		};
		5CE3BED62A06BAB00038E8B5 /* XCRemoteSwiftPackageReference "firebase-ios-sdk" */ = {
			isa = XCRemoteSwiftPackageReference;
			repositoryURL = "https://github.com/firebase/firebase-ios-sdk";
			requirement = {
				kind = upToNextMajorVersion;
				minimumVersion = 10.0.0;
			};
		};
/* End XCRemoteSwiftPackageReference section */

/* Begin XCSwiftPackageProductDependency section */
		5C4AF2B62A0827AE0038DF69 /* HorizonCalendar */ = {
			isa = XCSwiftPackageProductDependency;
			package = 5C4AF2B52A0827AE0038DF69 /* XCRemoteSwiftPackageReference "HorizonCalendar" */;
			productName = HorizonCalendar;
		};
		5CE3BED72A06BAB00038E8B5 /* FirebaseAuth */ = {
			isa = XCSwiftPackageProductDependency;
			package = 5CE3BED62A06BAB00038E8B5 /* XCRemoteSwiftPackageReference "firebase-ios-sdk" */;
			productName = FirebaseAuth;
		};
		5CE3BED92A06BAB00038E8B5 /* FirebaseFirestore */ = {
			isa = XCSwiftPackageProductDependency;
			package = 5CE3BED62A06BAB00038E8B5 /* XCRemoteSwiftPackageReference "firebase-ios-sdk" */;
			productName = FirebaseFirestore;
		};
		5CE3BEDB2A06BAB00038E8B5 /* FirebaseFirestoreSwift */ = {
			isa = XCSwiftPackageProductDependency;
			package = 5CE3BED62A06BAB00038E8B5 /* XCRemoteSwiftPackageReference "firebase-ios-sdk" */;
			productName = FirebaseFirestoreSwift;
		};
/* End XCSwiftPackageProductDependency section */

/* Begin XCVersionGroup section */
		5C884E0A2A050BD20071BFE8 /* GoalReacher.xcdatamodeld */ = {
			isa = XCVersionGroup;
			children = (
				5C884E0B2A050BD20071BFE8 /* GoalReacher.xcdatamodel */,
			);
			currentVersion = 5C884E0B2A050BD20071BFE8 /* GoalReacher.xcdatamodel */;
			path = GoalReacher.xcdatamodeld;
			sourceTree = "<group>";
			versionGroupType = wrapper.xcdatamodel;
		};
/* End XCVersionGroup section */
	};
	rootObject = 5C884DF42A050BCF0071BFE8 /* Project object */;
}
